
Microsoft Visual Studio Solution File, Format Version 12.00
# Visual Studio Version 17
VisualStudioVersion = 17.0.31903.59
MinimumVisualStudioVersion = 10.0.40219.1
Project("{FAE04EC0-301F-11D3-BF4B-00C04F79EFBC}") = "Optick.NET", "Optick.NET\Optick.NET.csproj", "{AB90A4C2-3FC2-4107-A6CB-E3089F38E63C}"
EndProject
Project("{FAE04EC0-301F-11D3-BF4B-00C04F79EFBC}") = "Optick.NET.RedistBuilder", "Optick.NET.RedistBuilder\Optick.NET.RedistBuilder.csproj", "{D32C75CC-ABC7-47C6-9027-DE1046C935EB}"
EndProject
Global
	GlobalSection(SolutionConfigurationPlatforms) = preSolution
		Debug|Any CPU = Debug|Any CPU
		Release|Any CPU = Release|Any CPU
	EndGlobalSection
	GlobalSection(SolutionProperties) = preSolution
		HideSolutionNode = FALSE
	EndGlobalSection
	GlobalSection(ProjectConfigurationPlatforms) = postSolution
		{AB90A4C2-3FC2-4107-A6CB-E3089F38E63C}.Debug|Any CPU.ActiveCfg = Debug|Any CPU
		{AB90A4C2-3FC2-4107-A6CB-E3089F38E63C}.Debug|Any CPU.Build.0 = Debug|Any CPU
		{AB90A4C2-3FC2-4107-A6CB-E3089F38E63C}.Release|Any CPU.ActiveCfg = Release|Any CPU
		{AB90A4C2-3FC2-4107-A6CB-E3089F38E63C}.Release|Any CPU.Build.0 = Release|Any CPU
		{D32C75CC-ABC7-47C6-9027-DE1046C935EB}.Debug|Any CPU.ActiveCfg = Debug|Any CPU
		{D32C75CC-ABC7-47C6-9027-DE1046C935EB}.Debug|Any CPU.Build.0 = Debug|Any CPU
		{D32C75CC-ABC7-47C6-9027-DE1046C935EB}.Release|Any CPU.ActiveCfg = Release|Any CPU
		{D32C75CC-ABC7-47C6-9027-DE1046C935EB}.Release|Any CPU.Build.0 = Release|Any CPU
	EndGlobalSection
EndGlobal
